
Microsoft Visual Studio Solution File, Format Version 12.00
# Visual Studio Version 17
VisualStudioVersion = 17.1.32210.238
MinimumVisualStudioVersion = 10.0.40219.1
Project("{FAE04EC0-301F-11D3-BF4B-00C04F79EFBC}") = "Max_Generics", "Max_Generics.csproj", "{88472734-2246-44A5-9D1F-5C077EE11CF5}"
EndProject
Global
	GlobalSection(SolutionConfigurationPlatforms) = preSolution
		Debug|Any CPU = Debug|Any CPU
		Release|Any CPU = Release|Any CPU
	EndGlobalSection
	GlobalSection(ProjectConfigurationPlatforms) = postSolution
		{88472734-2246-44A5-9D1F-5C077EE11CF5}.Debug|Any CPU.ActiveCfg = Debug|Any CPU
		{88472734-2246-44A5-9D1F-5C077EE11CF5}.Debug|Any CPU.Build.0 = Debug|Any CPU
		{88472734-2246-44A5-9D1F-5C077EE11CF5}.Release|Any CPU.ActiveCfg = Release|Any CPU
		{88472734-2246-44A5-9D1F-5C077EE11CF5}.Release|Any CPU.Build.0 = Release|Any CPU
	EndGlobalSection
	GlobalSection(SolutionProperties) = preSolution
		HideSolutionNode = FALSE
	EndGlobalSection
	GlobalSection(ExtensibilityGlobals) = postSolution
		SolutionGuid = {DD0E8956-5887-4636-8A1D-F5BEFE097F46}
	EndGlobalSection
EndGlobal
